# THIS IS AN AUTOGENERATED FILE. DO NOT EDIT THIS FILE DIRECTLY.
# yarn lockfile v1


"@hotjar/browser@^1.0.3":
  version "1.0.3"
  resolved "https://registry.yarnpkg.com/@hotjar/browser/-/browser-1.0.3.tgz#3dd82da89976e3d769674d0ec4d277d51a4c9a0e"
  integrity sha512-7/JrljFuEpHIhDse4TIRmglK7kNlInIsW12gRvpl6Fr6ufmLD+3o3IVkP1zXfA0jdDWHw8aexG2YnvWgdZ8itg==
